// !$*UTF8*$!
{
	archiveVersion = 1;
	classes = {
	};
	objectVersion = 48;
	objects = {

/* Begin PBXBuildFile section */
		41F9C6F5F56DBC0AB2474307 /* Pods_HuskyEats.framework in Frameworks */ = {isa = PBXBuildFile; fileRef = 993648139781803DE0BBE18B /* Pods_HuskyEats.framework */; };
		A412C4FE204FCC6D0000BC66 /* RestaurantView.swift in Sources */ = {isa = PBXBuildFile; fileRef = A412C4FD204FCC6D0000BC66 /* RestaurantView.swift */; };
		A412C500204FCCB00000BC66 /* RestaurantCell.swift in Sources */ = {isa = PBXBuildFile; fileRef = A412C4FF204FCCB00000BC66 /* RestaurantCell.swift */; };
		A412C502204FD8BB0000BC66 /* Restaurant.swift in Sources */ = {isa = PBXBuildFile; fileRef = A412C501204FD8BB0000BC66 /* Restaurant.swift */; };
		A412C506204FF6740000BC66 /* MenuView.swift in Sources */ = {isa = PBXBuildFile; fileRef = A412C505204FF6740000BC66 /* MenuView.swift */; };
		A412C509204FF7080000BC66 /* MenuCell.swift in Sources */ = {isa = PBXBuildFile; fileRef = A412C507204FF7070000BC66 /* MenuCell.swift */; };
		A412C50A204FF7080000BC66 /* MenuItem.swift in Sources */ = {isa = PBXBuildFile; fileRef = A412C508204FF7080000BC66 /* MenuItem.swift */; };
		A42D4FA2204CEB8F00A999E7 /* AppDelegate.swift in Sources */ = {isa = PBXBuildFile; fileRef = A42D4FA1204CEB8F00A999E7 /* AppDelegate.swift */; };
		A42D4FA7204CEB8F00A999E7 /* Main.storyboard in Resources */ = {isa = PBXBuildFile; fileRef = A42D4FA5204CEB8F00A999E7 /* Main.storyboard */; };
		A42D4FA9204CEB8F00A999E7 /* Assets.xcassets in Resources */ = {isa = PBXBuildFile; fileRef = A42D4FA8204CEB8F00A999E7 /* Assets.xcassets */; };
		A42D4FAC204CEB8F00A999E7 /* LaunchScreen.storyboard in Resources */ = {isa = PBXBuildFile; fileRef = A42D4FAA204CEB8F00A999E7 /* LaunchScreen.storyboard */; };
		A47B729B2056519C0053C488 /* SellerTableView.swift in Sources */ = {isa = PBXBuildFile; fileRef = A47B729A2056519C0053C488 /* SellerTableView.swift */; };
		A47B729E20565DFA0053C488 /* PostOfferView.swift in Sources */ = {isa = PBXBuildFile; fileRef = A47B729D20565DFA0053C488 /* PostOfferView.swift */; };
		A47B72A02056721F0053C488 /* SellerCell.swift in Sources */ = {isa = PBXBuildFile; fileRef = A47B729F2056721F0053C488 /* SellerCell.swift */; };
		A47B72A22056723C0053C488 /* SellerItem.swift in Sources */ = {isa = PBXBuildFile; fileRef = A47B72A12056723C0053C488 /* SellerItem.swift */; };
		A47B72A4205691480053C488 /* ProfileView.swift in Sources */ = {isa = PBXBuildFile; fileRef = A47B72A3205691480053C488 /* ProfileView.swift */; };
		A47B72A72056AEB50053C488 /* MessagesView.swift in Sources */ = {isa = PBXBuildFile; fileRef = A47B72A62056AEB50053C488 /* MessagesView.swift */; };
		A47B72A92056AEFF0053C488 /* MessageCell.swift in Sources */ = {isa = PBXBuildFile; fileRef = A47B72A82056AEFF0053C488 /* MessageCell.swift */; };
		A47B72AB2056AF090053C488 /* MessageFile.swift in Sources */ = {isa = PBXBuildFile; fileRef = A47B72AA2056AF090053C488 /* MessageFile.swift */; };
		A47B72AE2056B5A00053C488 /* ChatView.swift in Sources */ = {isa = PBXBuildFile; fileRef = A47B72AD2056B5A00053C488 /* ChatView.swift */; };
		A4F9FC572057048800E50CB0 /* GoogleService-Info.plist in Resources */ = {isa = PBXBuildFile; fileRef = A4F9FC562057048700E50CB0 /* GoogleService-Info.plist */; };
		ADC2105720521F8600134DCA /* LoginViewController.swift in Sources */ = {isa = PBXBuildFile; fileRef = ADC2105620521F8600134DCA /* LoginViewController.swift */; };
		ADC2105C2052653600134DCA /* SignUpViewController.swift in Sources */ = {isa = PBXBuildFile; fileRef = ADC2105B2052653600134DCA /* SignUpViewController.swift */; };
/* End PBXBuildFile section */

/* Begin PBXFileReference section */
		4979C4401579415AB43F443F /* Pods-HuskyEats.debug.xcconfig */ = {isa = PBXFileReference; includeInIndex = 1; lastKnownFileType = text.xcconfig; name = "Pods-HuskyEats.debug.xcconfig"; path = "Pods/Target Support Files/Pods-HuskyEats/Pods-HuskyEats.debug.xcconfig"; sourceTree = "<group>"; };
		622BA40E3A09B09879056E57 /* Pods-HuskyEats.release.xcconfig */ = {isa = PBXFileReference; includeInIndex = 1; lastKnownFileType = text.xcconfig; name = "Pods-HuskyEats.release.xcconfig"; path = "Pods/Target Support Files/Pods-HuskyEats/Pods-HuskyEats.release.xcconfig"; sourceTree = "<group>"; };
		993648139781803DE0BBE18B /* Pods_HuskyEats.framework */ = {isa = PBXFileReference; explicitFileType = wrapper.framework; includeInIndex = 0; path = Pods_HuskyEats.framework; sourceTree = BUILT_PRODUCTS_DIR; };
		A412C4FD204FCC6D0000BC66 /* RestaurantView.swift */ = {isa = PBXFileReference; lastKnownFileType = sourcecode.swift; path = RestaurantView.swift; sourceTree = "<group>"; };
		A412C4FF204FCCB00000BC66 /* RestaurantCell.swift */ = {isa = PBXFileReference; lastKnownFileType = sourcecode.swift; path = RestaurantCell.swift; sourceTree = "<group>"; };
		A412C501204FD8BB0000BC66 /* Restaurant.swift */ = {isa = PBXFileReference; lastKnownFileType = sourcecode.swift; path = Restaurant.swift; sourceTree = "<group>"; };
		A412C505204FF6740000BC66 /* MenuView.swift */ = {isa = PBXFileReference; lastKnownFileType = sourcecode.swift; path = MenuView.swift; sourceTree = "<group>"; };
		A412C507204FF7070000BC66 /* MenuCell.swift */ = {isa = PBXFileReference; fileEncoding = 4; lastKnownFileType = sourcecode.swift; path = MenuCell.swift; sourceTree = "<group>"; };
		A412C508204FF7080000BC66 /* MenuItem.swift */ = {isa = PBXFileReference; fileEncoding = 4; lastKnownFileType = sourcecode.swift; path = MenuItem.swift; sourceTree = "<group>"; };
		A42D4F9E204CEB8F00A999E7 /* HuskyEats.app */ = {isa = PBXFileReference; explicitFileType = wrapper.application; includeInIndex = 0; path = HuskyEats.app; sourceTree = BUILT_PRODUCTS_DIR; };
		A42D4FA1204CEB8F00A999E7 /* AppDelegate.swift */ = {isa = PBXFileReference; lastKnownFileType = sourcecode.swift; path = AppDelegate.swift; sourceTree = "<group>"; };
		A42D4FA6204CEB8F00A999E7 /* Base */ = {isa = PBXFileReference; lastKnownFileType = file.storyboard; name = Base; path = Base.lproj/Main.storyboard; sourceTree = "<group>"; };
		A42D4FA8204CEB8F00A999E7 /* Assets.xcassets */ = {isa = PBXFileReference; lastKnownFileType = folder.assetcatalog; path = Assets.xcassets; sourceTree = "<group>"; };
		A42D4FAB204CEB8F00A999E7 /* Base */ = {isa = PBXFileReference; lastKnownFileType = file.storyboard; name = Base; path = Base.lproj/LaunchScreen.storyboard; sourceTree = "<group>"; };
		A42D4FAD204CEB8F00A999E7 /* Info.plist */ = {isa = PBXFileReference; lastKnownFileType = text.plist.xml; path = Info.plist; sourceTree = "<group>"; };
		A47B729A2056519C0053C488 /* SellerTableView.swift */ = {isa = PBXFileReference; lastKnownFileType = sourcecode.swift; path = SellerTableView.swift; sourceTree = "<group>"; };
		A47B729D20565DFA0053C488 /* PostOfferView.swift */ = {isa = PBXFileReference; lastKnownFileType = sourcecode.swift; path = PostOfferView.swift; sourceTree = "<group>"; };
		A47B729F2056721F0053C488 /* SellerCell.swift */ = {isa = PBXFileReference; lastKnownFileType = sourcecode.swift; path = SellerCell.swift; sourceTree = "<group>"; };
		A47B72A12056723C0053C488 /* SellerItem.swift */ = {isa = PBXFileReference; lastKnownFileType = sourcecode.swift; path = SellerItem.swift; sourceTree = "<group>"; };
		A47B72A3205691480053C488 /* ProfileView.swift */ = {isa = PBXFileReference; lastKnownFileType = sourcecode.swift; path = ProfileView.swift; sourceTree = "<group>"; };
		A47B72A62056AEB50053C488 /* MessagesView.swift */ = {isa = PBXFileReference; lastKnownFileType = sourcecode.swift; path = MessagesView.swift; sourceTree = "<group>"; };
		A47B72A82056AEFF0053C488 /* MessageCell.swift */ = {isa = PBXFileReference; lastKnownFileType = sourcecode.swift; path = MessageCell.swift; sourceTree = "<group>"; };
		A47B72AA2056AF090053C488 /* MessageFile.swift */ = {isa = PBXFileReference; lastKnownFileType = sourcecode.swift; path = MessageFile.swift; sourceTree = "<group>"; };
		A47B72AC2056B3920053C488 /* Bridging-Header.h */ = {isa = PBXFileReference; lastKnownFileType = sourcecode.c.h; path = "Bridging-Header.h"; sourceTree = "<group>"; };
		A47B72AD2056B5A00053C488 /* ChatView.swift */ = {isa = PBXFileReference; lastKnownFileType = sourcecode.swift; name = ChatView.swift; path = HuskyEats/ChatView.swift; sourceTree = SOURCE_ROOT; };
		A4F9FC562057048700E50CB0 /* GoogleService-Info.plist */ = {isa = PBXFileReference; fileEncoding = 4; lastKnownFileType = text.plist.xml; name = "GoogleService-Info.plist"; path = "../../../Downloads/GoogleService-Info.plist"; sourceTree = "<group>"; };
		ADC2105620521F8600134DCA /* LoginViewController.swift */ = {isa = PBXFileReference; lastKnownFileType = sourcecode.swift; path = LoginViewController.swift; sourceTree = "<group>"; };
		ADC2105B2052653600134DCA /* SignUpViewController.swift */ = {isa = PBXFileReference; lastKnownFileType = sourcecode.swift; path = SignUpViewController.swift; sourceTree = "<group>"; };
/* End PBXFileReference section */

/* Begin PBXFrameworksBuildPhase section */
		A42D4F9B204CEB8F00A999E7 /* Frameworks */ = {
			isa = PBXFrameworksBuildPhase;
			buildActionMask = 2147483647;
			files = (
				41F9C6F5F56DBC0AB2474307 /* Pods_HuskyEats.framework in Frameworks */,
			);
			runOnlyForDeploymentPostprocessing = 0;
		};
/* End PBXFrameworksBuildPhase section */

/* Begin PBXGroup section */
		497513A9516069404E80A225 /* Frameworks */ = {
			isa = PBXGroup;
			children = (
				993648139781803DE0BBE18B /* Pods_HuskyEats.framework */,
			);
			name = Frameworks;
			sourceTree = "<group>";
		};
		56AF15852534BCFD032F2714 /* Pods */ = {
			isa = PBXGroup;
			children = (
				4979C4401579415AB43F443F /* Pods-HuskyEats.debug.xcconfig */,
				622BA40E3A09B09879056E57 /* Pods-HuskyEats.release.xcconfig */,
			);
			name = Pods;
			sourceTree = "<group>";
		};
		A412C503204FF63E0000BC66 /* RestaurantView */ = {
			isa = PBXGroup;
			children = (
				A412C4FD204FCC6D0000BC66 /* RestaurantView.swift */,
				A412C4FF204FCCB00000BC66 /* RestaurantCell.swift */,
				A412C501204FD8BB0000BC66 /* Restaurant.swift */,
			);
			path = RestaurantView;
			sourceTree = "<group>";
		};
		A412C504204FF6520000BC66 /* MenuView */ = {
			isa = PBXGroup;
			children = (
				A412C507204FF7070000BC66 /* MenuCell.swift */,
				A412C508204FF7080000BC66 /* MenuItem.swift */,
				A412C505204FF6740000BC66 /* MenuView.swift */,
			);
			path = MenuView;
			sourceTree = "<group>";
		};
		A42D4F95204CEB8F00A999E7 = {
			isa = PBXGroup;
			children = (
				A47B72AC2056B3920053C488 /* Bridging-Header.h */,
				A42D4FA0204CEB8F00A999E7 /* HuskyEats */,
				A42D4F9F204CEB8F00A999E7 /* Products */,
				56AF15852534BCFD032F2714 /* Pods */,
				497513A9516069404E80A225 /* Frameworks */,
			);
			sourceTree = "<group>";
		};
		A42D4F9F204CEB8F00A999E7 /* Products */ = {
			isa = PBXGroup;
			children = (
				A42D4F9E204CEB8F00A999E7 /* HuskyEats.app */,
			);
			name = Products;
			sourceTree = "<group>";
		};
		A42D4FA0204CEB8F00A999E7 /* HuskyEats */ = {
			isa = PBXGroup;
			children = (
				A42D4FA1204CEB8F00A999E7 /* AppDelegate.swift */,
				A42D4FA5204CEB8F00A999E7 /* Main.storyboard */,
				A47B72AD2056B5A00053C488 /* ChatView.swift */,
				A47B72A3205691480053C488 /* ProfileView.swift */,
				ADC2105520521C9D00134DCA /* LogInView */,
				ADC2105A205264AA00134DCA /* SignUpView */,
				A412C503204FF63E0000BC66 /* RestaurantView */,
				A412C504204FF6520000BC66 /* MenuView */,
				A47B729C20565DE10053C488 /* PostOfferView */,
				A47B7299205650680053C488 /* SellerView */,
				A47B72A52056AE960053C488 /* MessagesView */,
				A42D4FA8204CEB8F00A999E7 /* Assets.xcassets */,
				A42D4FAA204CEB8F00A999E7 /* LaunchScreen.storyboard */,
				A42D4FAD204CEB8F00A999E7 /* Info.plist */,
				A4F9FC562057048700E50CB0 /* GoogleService-Info.plist */,
			);
			path = HuskyEats;
			sourceTree = "<group>";
		};
		A47B7299205650680053C488 /* SellerView */ = {
			isa = PBXGroup;
			children = (
				A47B729A2056519C0053C488 /* SellerTableView.swift */,
				A47B729F2056721F0053C488 /* SellerCell.swift */,
				A47B72A12056723C0053C488 /* SellerItem.swift */,
			);
			path = SellerView;
			sourceTree = "<group>";
		};
		A47B729C20565DE10053C488 /* PostOfferView */ = {
			isa = PBXGroup;
			children = (
				A47B729D20565DFA0053C488 /* PostOfferView.swift */,
			);
			path = PostOfferView;
			sourceTree = "<group>";
		};
		A47B72A52056AE960053C488 /* MessagesView */ = {
			isa = PBXGroup;
			children = (
				A47B72A62056AEB50053C488 /* MessagesView.swift */,
				A47B72A82056AEFF0053C488 /* MessageCell.swift */,
				A47B72AA2056AF090053C488 /* MessageFile.swift */,
			);
			path = MessagesView;
			sourceTree = "<group>";
		};
		ADC2105520521C9D00134DCA /* LogInView */ = {
			isa = PBXGroup;
			children = (
				ADC2105620521F8600134DCA /* LoginViewController.swift */,
			);
			path = LogInView;
			sourceTree = "<group>";
		};
		ADC2105A205264AA00134DCA /* SignUpView */ = {
			isa = PBXGroup;
			children = (
				ADC2105B2052653600134DCA /* SignUpViewController.swift */,
			);
			path = SignUpView;
			sourceTree = "<group>";
		};
/* End PBXGroup section */

/* Begin PBXNativeTarget section */
		A42D4F9D204CEB8F00A999E7 /* HuskyEats */ = {
			isa = PBXNativeTarget;
			buildConfigurationList = A42D4FB0204CEB8F00A999E7 /* Build configuration list for PBXNativeTarget "HuskyEats" */;
			buildPhases = (
				2524DE75A3F2687D8621D0AF /* [CP] Check Pods Manifest.lock */,
				A42D4F9A204CEB8F00A999E7 /* Sources */,
				A42D4F9B204CEB8F00A999E7 /* Frameworks */,
				A42D4F9C204CEB8F00A999E7 /* Resources */,
				366B7DBFE995C9B3546BAB59 /* [CP] Embed Pods Frameworks */,
				141A46C95F153EF19F7E02B3 /* [CP] Copy Pods Resources */,
			);
			buildRules = (
			);
			dependencies = (
			);
			name = HuskyEats;
			productName = HuskyEats;
			productReference = A42D4F9E204CEB8F00A999E7 /* HuskyEats.app */;
			productType = "com.apple.product-type.application";
		};
/* End PBXNativeTarget section */

/* Begin PBXProject section */
		A42D4F96204CEB8F00A999E7 /* Project object */ = {
			isa = PBXProject;
			attributes = {
				LastSwiftUpdateCheck = 0920;
				LastUpgradeCheck = 0920;
				ORGANIZATIONNAME = "Andrew Tran";
				TargetAttributes = {
					A42D4F9D204CEB8F00A999E7 = {
						CreatedOnToolsVersion = 9.2;
						ProvisioningStyle = Automatic;
					};
				};
			};
			buildConfigurationList = A42D4F99204CEB8F00A999E7 /* Build configuration list for PBXProject "HuskyEats" */;
			compatibilityVersion = "Xcode 8.0";
			developmentRegion = en;
			hasScannedForEncodings = 0;
			knownRegions = (
				en,
				Base,
			);
			mainGroup = A42D4F95204CEB8F00A999E7;
			productRefGroup = A42D4F9F204CEB8F00A999E7 /* Products */;
			projectDirPath = "";
			projectRoot = "";
			targets = (
				A42D4F9D204CEB8F00A999E7 /* HuskyEats */,
			);
		};
/* End PBXProject section */

/* Begin PBXResourcesBuildPhase section */
		A42D4F9C204CEB8F00A999E7 /* Resources */ = {
			isa = PBXResourcesBuildPhase;
			buildActionMask = 2147483647;
			files = (
				A42D4FAC204CEB8F00A999E7 /* LaunchScreen.storyboard in Resources */,
				A4F9FC572057048800E50CB0 /* GoogleService-Info.plist in Resources */,
				A42D4FA9204CEB8F00A999E7 /* Assets.xcassets in Resources */,
				A42D4FA7204CEB8F00A999E7 /* Main.storyboard in Resources */,
			);
			runOnlyForDeploymentPostprocessing = 0;
		};
/* End PBXResourcesBuildPhase section */

/* Begin PBXShellScriptBuildPhase section */
		141A46C95F153EF19F7E02B3 /* [CP] Copy Pods Resources */ = {
			isa = PBXShellScriptBuildPhase;
			buildActionMask = 2147483647;
			files = (
			);
			inputPaths = (
			);
			name = "[CP] Copy Pods Resources";
			outputPaths = (
			);
			runOnlyForDeploymentPostprocessing = 0;
			shellPath = /bin/sh;
			shellScript = "\"${SRCROOT}/Pods/Target Support Files/Pods-HuskyEats/Pods-HuskyEats-resources.sh\"\n";
			showEnvVarsInLog = 0;
		};
		2524DE75A3F2687D8621D0AF /* [CP] Check Pods Manifest.lock */ = {
			isa = PBXShellScriptBuildPhase;
			buildActionMask = 2147483647;
			files = (
			);
			inputPaths = (
				"${PODS_PODFILE_DIR_PATH}/Podfile.lock",
				"${PODS_ROOT}/Manifest.lock",
			);
			name = "[CP] Check Pods Manifest.lock";
			outputPaths = (
				"$(DERIVED_FILE_DIR)/Pods-HuskyEats-checkManifestLockResult.txt",
			);
			runOnlyForDeploymentPostprocessing = 0;
			shellPath = /bin/sh;
			shellScript = "diff \"${PODS_PODFILE_DIR_PATH}/Podfile.lock\" \"${PODS_ROOT}/Manifest.lock\" > /dev/null\nif [ $? != 0 ] ; then\n    # print error to STDERR\n    echo \"error: The sandbox is not in sync with the Podfile.lock. Run 'pod install' or update your CocoaPods installation.\" >&2\n    exit 1\nfi\n# This output is used by Xcode 'outputs' to avoid re-running this script phase.\necho \"SUCCESS\" > \"${SCRIPT_OUTPUT_FILE_0}\"\n";
			showEnvVarsInLog = 0;
		};
		366B7DBFE995C9B3546BAB59 /* [CP] Embed Pods Frameworks */ = {
			isa = PBXShellScriptBuildPhase;
			buildActionMask = 2147483647;
			files = (
			);
			inputPaths = (
				"${SRCROOT}/Pods/Target Support Files/Pods-HuskyEats/Pods-HuskyEats-frameworks.sh",
				"${BUILT_PRODUCTS_DIR}/GTMSessionFetcher/GTMSessionFetcher.framework",
				"${BUILT_PRODUCTS_DIR}/GoogleToolboxForMac/GoogleToolboxForMac.framework",
				"${BUILT_PRODUCTS_DIR}/JSQMessagesViewController/JSQMessagesViewController.framework",
				"${BUILT_PRODUCTS_DIR}/JSQSystemSoundPlayer/JSQSystemSoundPlayer.framework",
				"${BUILT_PRODUCTS_DIR}/Protobuf/Protobuf.framework",
				"${BUILT_PRODUCTS_DIR}/leveldb-library/leveldb.framework",
				"${BUILT_PRODUCTS_DIR}/nanopb/nanopb.framework",
			);
			name = "[CP] Embed Pods Frameworks";
			outputPaths = (
				"${TARGET_BUILD_DIR}/${FRAMEWORKS_FOLDER_PATH}/GTMSessionFetcher.framework",
				"${TARGET_BUILD_DIR}/${FRAMEWORKS_FOLDER_PATH}/GoogleToolboxForMac.framework",
				"${TARGET_BUILD_DIR}/${FRAMEWORKS_FOLDER_PATH}/JSQMessagesViewController.framework",
				"${TARGET_BUILD_DIR}/${FRAMEWORKS_FOLDER_PATH}/JSQSystemSoundPlayer.framework",
				"${TARGET_BUILD_DIR}/${FRAMEWORKS_FOLDER_PATH}/Protobuf.framework",
				"${TARGET_BUILD_DIR}/${FRAMEWORKS_FOLDER_PATH}/leveldb.framework",
				"${TARGET_BUILD_DIR}/${FRAMEWORKS_FOLDER_PATH}/nanopb.framework",
			);
			runOnlyForDeploymentPostprocessing = 0;
			shellPath = /bin/sh;
			shellScript = "\"${SRCROOT}/Pods/Target Support Files/Pods-HuskyEats/Pods-HuskyEats-frameworks.sh\"\n";
			showEnvVarsInLog = 0;
		};
/* End PBXShellScriptBuildPhase section */

/* Begin PBXSourcesBuildPhase section */
		A42D4F9A204CEB8F00A999E7 /* Sources */ = {
			isa = PBXSourcesBuildPhase;
			buildActionMask = 2147483647;
			files = (
				A412C50A204FF7080000BC66 /* MenuItem.swift in Sources */,
				A47B72A92056AEFF0053C488 /* MessageCell.swift in Sources */,
				A47B72A22056723C0053C488 /* SellerItem.swift in Sources */,
				A412C506204FF6740000BC66 /* MenuView.swift in Sources */,
				A47B72AE2056B5A00053C488 /* ChatView.swift in Sources */,
				A47B729B2056519C0053C488 /* SellerTableView.swift in Sources */,
				A412C502204FD8BB0000BC66 /* Restaurant.swift in Sources */,
				A47B72A72056AEB50053C488 /* MessagesView.swift in Sources */,
				A412C509204FF7080000BC66 /* MenuCell.swift in Sources */,
				ADC2105720521F8600134DCA /* LoginViewController.swift in Sources */,
				A47B72AB2056AF090053C488 /* MessageFile.swift in Sources */,
				A412C500204FCCB00000BC66 /* RestaurantCell.swift in Sources */,
				ADC2105C2052653600134DCA /* SignUpViewController.swift in Sources */,
				A42D4FA2204CEB8F00A999E7 /* AppDelegate.swift in Sources */,
				A412C4FE204FCC6D0000BC66 /* RestaurantView.swift in Sources */,
				A47B72A02056721F0053C488 /* SellerCell.swift in Sources */,
				A47B72A4205691480053C488 /* ProfileView.swift in Sources */,
				A47B729E20565DFA0053C488 /* PostOfferView.swift in Sources */,
			);
			runOnlyForDeploymentPostprocessing = 0;
		};
/* End PBXSourcesBuildPhase section */

/* Begin PBXVariantGroup section */
		A42D4FA5204CEB8F00A999E7 /* Main.storyboard */ = {
			isa = PBXVariantGroup;
			children = (
				A42D4FA6204CEB8F00A999E7 /* Base */,
			);
			name = Main.storyboard;
			sourceTree = "<group>";
		};
		A42D4FAA204CEB8F00A999E7 /* LaunchScreen.storyboard */ = {
			isa = PBXVariantGroup;
			children = (
				A42D4FAB204CEB8F00A999E7 /* Base */,
			);
			name = LaunchScreen.storyboard;
			sourceTree = "<group>";
		};
/* End PBXVariantGroup section */

/* Begin XCBuildConfiguration section */
		A42D4FAE204CEB8F00A999E7 /* Debug */ = {
			isa = XCBuildConfiguration;
			buildSettings = {
				ALWAYS_SEARCH_USER_PATHS = NO;
				CLANG_ANALYZER_NONNULL = YES;
				CLANG_ANALYZER_NUMBER_OBJECT_CONVERSION = YES_AGGRESSIVE;
				CLANG_CXX_LANGUAGE_STANDARD = "gnu++14";
				CLANG_CXX_LIBRARY = "libc++";
				CLANG_ENABLE_MODULES = YES;
				CLANG_ENABLE_OBJC_ARC = YES;
				CLANG_WARN_BLOCK_CAPTURE_AUTORELEASING = YES;
				CLANG_WARN_BOOL_CONVERSION = YES;
				CLANG_WARN_COMMA = YES;
				CLANG_WARN_CONSTANT_CONVERSION = YES;
				CLANG_WARN_DIRECT_OBJC_ISA_USAGE = YES_ERROR;
				CLANG_WARN_DOCUMENTATION_COMMENTS = YES;
				CLANG_WARN_EMPTY_BODY = YES;
				CLANG_WARN_ENUM_CONVERSION = YES;
				CLANG_WARN_INFINITE_RECURSION = YES;
				CLANG_WARN_INT_CONVERSION = YES;
				CLANG_WARN_NON_LITERAL_NULL_CONVERSION = YES;
				CLANG_WARN_OBJC_LITERAL_CONVERSION = YES;
				CLANG_WARN_OBJC_ROOT_CLASS = YES_ERROR;
				CLANG_WARN_RANGE_LOOP_ANALYSIS = YES;
				CLANG_WARN_STRICT_PROTOTYPES = YES;
				CLANG_WARN_SUSPICIOUS_MOVE = YES;
				CLANG_WARN_UNGUARDED_AVAILABILITY = YES_AGGRESSIVE;
				CLANG_WARN_UNREACHABLE_CODE = YES;
				CLANG_WARN__DUPLICATE_METHOD_MATCH = YES;
				CODE_SIGN_IDENTITY = "iPhone Developer";
				COPY_PHASE_STRIP = NO;
				DEBUG_INFORMATION_FORMAT = dwarf;
				ENABLE_STRICT_OBJC_MSGSEND = YES;
				ENABLE_TESTABILITY = YES;
				GCC_C_LANGUAGE_STANDARD = gnu11;
				GCC_DYNAMIC_NO_PIC = NO;
				GCC_NO_COMMON_BLOCKS = YES;
				GCC_OPTIMIZATION_LEVEL = 0;
				GCC_PREPROCESSOR_DEFINITIONS = (
					"DEBUG=1",
					"$(inherited)",
				);
				GCC_WARN_64_TO_32_BIT_CONVERSION = YES;
				GCC_WARN_ABOUT_RETURN_TYPE = YES_ERROR;
				GCC_WARN_UNDECLARED_SELECTOR = YES;
				GCC_WARN_UNINITIALIZED_AUTOS = YES_AGGRESSIVE;
				GCC_WARN_UNUSED_FUNCTION = YES;
				GCC_WARN_UNUSED_VARIABLE = YES;
				IPHONEOS_DEPLOYMENT_TARGET = 11.2;
				MTL_ENABLE_DEBUG_INFO = YES;
				ONLY_ACTIVE_ARCH = YES;
				SDKROOT = iphoneos;
				SWIFT_ACTIVE_COMPILATION_CONDITIONS = DEBUG;
				SWIFT_OPTIMIZATION_LEVEL = "-Onone";
			};
			name = Debug;
		};
		A42D4FAF204CEB8F00A999E7 /* Release */ = {
			isa = XCBuildConfiguration;
			buildSettings = {
				ALWAYS_SEARCH_USER_PATHS = NO;
				CLANG_ANALYZER_NONNULL = YES;
				CLANG_ANALYZER_NUMBER_OBJECT_CONVERSION = YES_AGGRESSIVE;
				CLANG_CXX_LANGUAGE_STANDARD = "gnu++14";
				CLANG_CXX_LIBRARY = "libc++";
				CLANG_ENABLE_MODULES = YES;
				CLANG_ENABLE_OBJC_ARC = YES;
				CLANG_WARN_BLOCK_CAPTURE_AUTORELEASING = YES;
				CLANG_WARN_BOOL_CONVERSION = YES;
				CLANG_WARN_COMMA = YES;
				CLANG_WARN_CONSTANT_CONVERSION = YES;
				CLANG_WARN_DIRECT_OBJC_ISA_USAGE = YES_ERROR;
				CLANG_WARN_DOCUMENTATION_COMMENTS = YES;
				CLANG_WARN_EMPTY_BODY = YES;
				CLANG_WARN_ENUM_CONVERSION = YES;
				CLANG_WARN_INFINITE_RECURSION = YES;
				CLANG_WARN_INT_CONVERSION = YES;
				CLANG_WARN_NON_LITERAL_NULL_CONVERSION = YES;
				CLANG_WARN_OBJC_LITERAL_CONVERSION = YES;
				CLANG_WARN_OBJC_ROOT_CLASS = YES_ERROR;
				CLANG_WARN_RANGE_LOOP_ANALYSIS = YES;
				CLANG_WARN_STRICT_PROTOTYPES = YES;
				CLANG_WARN_SUSPICIOUS_MOVE = YES;
				CLANG_WARN_UNGUARDED_AVAILABILITY = YES_AGGRESSIVE;
				CLANG_WARN_UNREACHABLE_CODE = YES;
				CLANG_WARN__DUPLICATE_METHOD_MATCH = YES;
				CODE_SIGN_IDENTITY = "iPhone Developer";
				COPY_PHASE_STRIP = NO;
				DEBUG_INFORMATION_FORMAT = "dwarf-with-dsym";
				ENABLE_NS_ASSERTIONS = NO;
				ENABLE_STRICT_OBJC_MSGSEND = YES;
				GCC_C_LANGUAGE_STANDARD = gnu11;
				GCC_NO_COMMON_BLOCKS = YES;
				GCC_WARN_64_TO_32_BIT_CONVERSION = YES;
				GCC_WARN_ABOUT_RETURN_TYPE = YES_ERROR;
				GCC_WARN_UNDECLARED_SELECTOR = YES;
				GCC_WARN_UNINITIALIZED_AUTOS = YES_AGGRESSIVE;
				GCC_WARN_UNUSED_FUNCTION = YES;
				GCC_WARN_UNUSED_VARIABLE = YES;
				IPHONEOS_DEPLOYMENT_TARGET = 11.2;
				MTL_ENABLE_DEBUG_INFO = NO;
				SDKROOT = iphoneos;
				SWIFT_OPTIMIZATION_LEVEL = "-Owholemodule";
				VALIDATE_PRODUCT = YES;
			};
			name = Release;
		};
		A42D4FB1204CEB8F00A999E7 /* Debug */ = {
			isa = XCBuildConfiguration;
			baseConfigurationReference = 4979C4401579415AB43F443F /* Pods-HuskyEats.debug.xcconfig */;
			buildSettings = {
				ASSETCATALOG_COMPILER_APPICON_NAME = AppIcon;
				CODE_SIGN_STYLE = Automatic;
				DEVELOPMENT_TEAM = GUQXDKYUG5;
				INFOPLIST_FILE = HuskyEats/Info.plist;
				IPHONEOS_DEPLOYMENT_TARGET = 10.0;
				LD_RUNPATH_SEARCH_PATHS = "$(inherited) @executable_path/Frameworks";
				PRODUCT_BUNDLE_IDENTIFIER = aqt21.HuskyEats;
				PRODUCT_NAME = "$(TARGET_NAME)";
				SWIFT_OBJC_BRIDGING_HEADER = "Bridging-Header.h";
				SWIFT_VERSION = 4.0;
				TARGETED_DEVICE_FAMILY = "1,2";
			};
			name = Debug;
		};
		A42D4FB2204CEB8F00A999E7 /* Release */ = {
			isa = XCBuildConfiguration;
			baseConfigurationReference = 622BA40E3A09B09879056E57 /* Pods-HuskyEats.release.xcconfig */;
			buildSettings = {
				ASSETCATALOG_COMPILER_APPICON_NAME = AppIcon;
				CODE_SIGN_STYLE = Automatic;
				DEVELOPMENT_TEAM = GUQXDKYUG5;
				INFOPLIST_FILE = HuskyEats/Info.plist;
				IPHONEOS_DEPLOYMENT_TARGET = 10.0;
				LD_RUNPATH_SEARCH_PATHS = "$(inherited) @executable_path/Frameworks";
				PRODUCT_BUNDLE_IDENTIFIER = aqt21.HuskyEats;
				PRODUCT_NAME = "$(TARGET_NAME)";
				SWIFT_OBJC_BRIDGING_HEADER = "Bridging-Header.h";
				SWIFT_VERSION = 4.0;
				TARGETED_DEVICE_FAMILY = "1,2";
			};
			name = Release;
		};
/* End XCBuildConfiguration section */

/* Begin XCConfigurationList section */
		A42D4F99204CEB8F00A999E7 /* Build configuration list for PBXProject "HuskyEats" */ = {
			isa = XCConfigurationList;
			buildConfigurations = (
				A42D4FAE204CEB8F00A999E7 /* Debug */,
				A42D4FAF204CEB8F00A999E7 /* Release */,
			);
			defaultConfigurationIsVisible = 0;
			defaultConfigurationName = Release;
		};
		A42D4FB0204CEB8F00A999E7 /* Build configuration list for PBXNativeTarget "HuskyEats" */ = {
			isa = XCConfigurationList;
			buildConfigurations = (
				A42D4FB1204CEB8F00A999E7 /* Debug */,
				A42D4FB2204CEB8F00A999E7 /* Release */,
			);
			defaultConfigurationIsVisible = 0;
			defaultConfigurationName = Release;
		};
/* End XCConfigurationList section */
	};
	rootObject = A42D4F96204CEB8F00A999E7 /* Project object */;
}
